
Microsoft Visual Studio Solution File, Format Version 12.00
# Visual Studio Version 17
VisualStudioVersion = 17.2.32630.192
MinimumVisualStudioVersion = 10.0.40219.1
Project("{9A19103F-16F7-4668-BE54-9A1E7A4F7556}") = "CityInfo.Domain", "src\CityInfo.Domain\CityInfo.Domain.csproj", "{37BA2E5D-DD64-4929-AE85-5C87F781FAFE}"
EndProject
Project("{9A19103F-16F7-4668-BE54-9A1E7A4F7556}") = "CityInfo.WebApi", "src\CityInfo.WebApi\CityInfo.WebApi.csproj", "{4C164B90-8FF5-47DA-A7D9-2503FB6D31EB}"
EndProject
Project("{9A19103F-16F7-4668-BE54-9A1E7A4F7556}") = "CityInfo.Data", "src\CityInfo.Data\CityInfo.Data.csproj", "{01500BD0-4831-48F2-B09B-38749086A150}"
EndProject
Project("{9A19103F-16F7-4668-BE54-9A1E7A4F7556}") = "CityInfo.Mvc", "src\CityInfo.Mvc\CityInfo.Mvc.csproj", "{9AD36067-C735-4901-94C5-19270AB5EE71}"
EndProject
Project("{FAE04EC0-301F-11D3-BF4B-00C04F79EFBC}") = "CityInfo.Core", "src\CityInfo.Core\CityInfo.Core.csproj", "{A0FD87CD-4561-491F-921C-87F73ADFED86}"
EndProject
Project("{2150E333-8FDC-42A3-9474-1A3956D46DE8}") = "src", "src", "{074A6CC5-6541-4792-AE38-C8735360E36B}"
EndProject
Project("{2150E333-8FDC-42A3-9474-1A3956D46DE8}") = "test", "test", "{7136D5D6-E484-4B91-898E-163FAAF68740}"
EndProject
Project("{2150E333-8FDC-42A3-9474-1A3956D46DE8}") = "arc", "arc", "{0A9D6E20-9B34-46E7-9404-EA056360437F}"
EndProject
Project("{FAE04EC0-301F-11D3-BF4B-00C04F79EFBC}") = "CityInfo.Infrastructure", "src\CityInfo.Infrastructure\CityInfo.Infrastructure.csproj", "{A7E5FC91-E237-46D3-A6AA-02A5DCE4861A}"
EndProject
Global
	GlobalSection(SolutionConfigurationPlatforms) = preSolution
		Debug|Any CPU = Debug|Any CPU
		Release|Any CPU = Release|Any CPU
	EndGlobalSection
	GlobalSection(ProjectConfigurationPlatforms) = postSolution
		{37BA2E5D-DD64-4929-AE85-5C87F781FAFE}.Debug|Any CPU.ActiveCfg = Debug|Any CPU
		{37BA2E5D-DD64-4929-AE85-5C87F781FAFE}.Debug|Any CPU.Build.0 = Debug|Any CPU
		{37BA2E5D-DD64-4929-AE85-5C87F781FAFE}.Release|Any CPU.ActiveCfg = Release|Any CPU
		{37BA2E5D-DD64-4929-AE85-5C87F781FAFE}.Release|Any CPU.Build.0 = Release|Any CPU
		{4C164B90-8FF5-47DA-A7D9-2503FB6D31EB}.Debug|Any CPU.ActiveCfg = Debug|Any CPU
		{4C164B90-8FF5-47DA-A7D9-2503FB6D31EB}.Debug|Any CPU.Build.0 = Debug|Any CPU
		{4C164B90-8FF5-47DA-A7D9-2503FB6D31EB}.Release|Any CPU.ActiveCfg = Release|Any CPU
		{4C164B90-8FF5-47DA-A7D9-2503FB6D31EB}.Release|Any CPU.Build.0 = Release|Any CPU
		{01500BD0-4831-48F2-B09B-38749086A150}.Debug|Any CPU.ActiveCfg = Debug|Any CPU
		{01500BD0-4831-48F2-B09B-38749086A150}.Debug|Any CPU.Build.0 = Debug|Any CPU
		{01500BD0-4831-48F2-B09B-38749086A150}.Release|Any CPU.ActiveCfg = Release|Any CPU
		{01500BD0-4831-48F2-B09B-38749086A150}.Release|Any CPU.Build.0 = Release|Any CPU
		{9AD36067-C735-4901-94C5-19270AB5EE71}.Debug|Any CPU.ActiveCfg = Debug|Any CPU
		{9AD36067-C735-4901-94C5-19270AB5EE71}.Debug|Any CPU.Build.0 = Debug|Any CPU
		{9AD36067-C735-4901-94C5-19270AB5EE71}.Release|Any CPU.ActiveCfg = Release|Any CPU
		{9AD36067-C735-4901-94C5-19270AB5EE71}.Release|Any CPU.Build.0 = Release|Any CPU
		{A0FD87CD-4561-491F-921C-87F73ADFED86}.Debug|Any CPU.ActiveCfg = Debug|Any CPU
		{A0FD87CD-4561-491F-921C-87F73ADFED86}.Debug|Any CPU.Build.0 = Debug|Any CPU
		{A0FD87CD-4561-491F-921C-87F73ADFED86}.Release|Any CPU.ActiveCfg = Release|Any CPU
		{A0FD87CD-4561-491F-921C-87F73ADFED86}.Release|Any CPU.Build.0 = Release|Any CPU
		{A7E5FC91-E237-46D3-A6AA-02A5DCE4861A}.Debug|Any CPU.ActiveCfg = Debug|Any CPU
		{A7E5FC91-E237-46D3-A6AA-02A5DCE4861A}.Debug|Any CPU.Build.0 = Debug|Any CPU
		{A7E5FC91-E237-46D3-A6AA-02A5DCE4861A}.Release|Any CPU.ActiveCfg = Release|Any CPU
		{A7E5FC91-E237-46D3-A6AA-02A5DCE4861A}.Release|Any CPU.Build.0 = Release|Any CPU
	EndGlobalSection
	GlobalSection(SolutionProperties) = preSolution
		HideSolutionNode = FALSE
	EndGlobalSection
	GlobalSection(NestedProjects) = preSolution
		{37BA2E5D-DD64-4929-AE85-5C87F781FAFE} = {0A9D6E20-9B34-46E7-9404-EA056360437F}
		{4C164B90-8FF5-47DA-A7D9-2503FB6D31EB} = {0A9D6E20-9B34-46E7-9404-EA056360437F}
		{01500BD0-4831-48F2-B09B-38749086A150} = {0A9D6E20-9B34-46E7-9404-EA056360437F}
		{9AD36067-C735-4901-94C5-19270AB5EE71} = {0A9D6E20-9B34-46E7-9404-EA056360437F}
		{A0FD87CD-4561-491F-921C-87F73ADFED86} = {074A6CC5-6541-4792-AE38-C8735360E36B}
		{A7E5FC91-E237-46D3-A6AA-02A5DCE4861A} = {074A6CC5-6541-4792-AE38-C8735360E36B}
	EndGlobalSection
	GlobalSection(ExtensibilityGlobals) = postSolution
		SolutionGuid = {2929A6FE-E76B-4464-AC5A-56C04A836767}
	EndGlobalSection
EndGlobal
