
Microsoft Visual Studio Solution File, Format Version 12.00
# Visual Studio Version 17
VisualStudioVersion = 17.0.31903.59
MinimumVisualStudioVersion = 10.0.40219.1
Project("{2150E333-8FDC-42A3-9474-1A3956D46DE8}") = "Docker", "Docker", "{F62D568E-ED45-4647-8CFF-9ED1EEE32E61}"
EndProject
Project("{2150E333-8FDC-42A3-9474-1A3956D46DE8}") = "src", "src", "{FDD60A69-A16D-418C-AAD2-D175A7582E9A}"
EndProject
Project("{2150E333-8FDC-42A3-9474-1A3956D46DE8}") = "tests", "tests", "{F2512AB2-FAA4-4934-91EA-CD50260D2EAE}"
EndProject
Project("{9A19103F-16F7-4668-BE54-9A1E7A4F7556}") = "ClinicManagement.Core", "src\ClinicManagement.Core\ClinicManagement.Core.csproj", "{21A90FDC-F315-4C55-A8D9-CAC3DC4E0731}"
EndProject
Project("{FAE04EC0-301F-11D3-BF4B-00C04F79EFBC}") = "PluralsightDdd.SharedKernel", "..\PluralsightDdd.SharedKernel\PluralsightDdd.SharedKernel.csproj", "{7D1E7DD6-A445-4CAD-A448-64C8A7A57796}"
EndProject
Global
	GlobalSection(SolutionConfigurationPlatforms) = preSolution
		Debug|Any CPU = Debug|Any CPU
		Release|Any CPU = Release|Any CPU
	EndGlobalSection
	GlobalSection(ProjectConfigurationPlatforms) = postSolution
		{21A90FDC-F315-4C55-A8D9-CAC3DC4E0731}.Debug|Any CPU.ActiveCfg = Debug|Any CPU
		{21A90FDC-F315-4C55-A8D9-CAC3DC4E0731}.Debug|Any CPU.Build.0 = Debug|Any CPU
		{21A90FDC-F315-4C55-A8D9-CAC3DC4E0731}.Release|Any CPU.ActiveCfg = Release|Any CPU
		{21A90FDC-F315-4C55-A8D9-CAC3DC4E0731}.Release|Any CPU.Build.0 = Release|Any CPU
		{7D1E7DD6-A445-4CAD-A448-64C8A7A57796}.Debug|Any CPU.ActiveCfg = Debug|Any CPU
		{7D1E7DD6-A445-4CAD-A448-64C8A7A57796}.Debug|Any CPU.Build.0 = Debug|Any CPU
		{7D1E7DD6-A445-4CAD-A448-64C8A7A57796}.Release|Any CPU.ActiveCfg = Release|Any CPU
		{7D1E7DD6-A445-4CAD-A448-64C8A7A57796}.Release|Any CPU.Build.0 = Release|Any CPU
	EndGlobalSection
	GlobalSection(SolutionProperties) = preSolution
		HideSolutionNode = FALSE
	EndGlobalSection
	GlobalSection(NestedProjects) = preSolution
		{21A90FDC-F315-4C55-A8D9-CAC3DC4E0731} = {FDD60A69-A16D-418C-AAD2-D175A7582E9A}
		{7D1E7DD6-A445-4CAD-A448-64C8A7A57796} = {FDD60A69-A16D-418C-AAD2-D175A7582E9A}
	EndGlobalSection
	GlobalSection(ExtensibilityGlobals) = postSolution
		SolutionGuid = {C07AC81E-FAAD-4554-8589-16153824548E}
	EndGlobalSection
EndGlobal
